# This file was autogenerated by Stack.
# You should not edit this file by hand.
# For more information, please see the documentation at:
#   https://docs.haskellstack.org/en/stable/lock_files

packages:
- completed:
    hackage: KMP-0.2.0.0@sha256:6dfbac03ef00ebd9347234732cb86a40f62ab5a80c0cc6bedb8eb51766f7df28,2562
    pantry-tree:
      sha256: 13d08a26ae53a94126e69c605865e8583f401617cf4f06f5f8c72b04d1ce3bcb
      size: 387
  original:
    hackage: KMP-0.2.0.0
- completed:
    hackage: ilist-0.4.0.1@sha256:126019faf3d02f305c5762ae9602be1cbf76291153a1a7461270ad1429678111,3305
    pantry-tree:
      sha256: 1e45ec9d7d543f0689da97b6de57b9a729c605660af73e15848c10b37640a888
      size: 438
  original:
    hackage: ilist-0.4.0.1
snapshots:
- completed:
    sha256: a81fb3877c4f9031e1325eb3935122e608d80715dc16b586eb11ddbff8671ecd
    size: 640086
    url: https://raw.githubusercontent.com/commercialhaskell/stackage-snapshots/master/lts/21/25.yaml
  original: lts-21.25
